{
  "name": "empty-strings-nuller",
  "version": "1.0.0",
  "lockfileVersion": 2,
  "requires": true,
  "packages": {
    "": {
      "name": "empty-strings-nuller",
      "version": "1.0.0",
      "license": "ISC",
      "dependencies": {
        "lodash.isplainobject": "^4.0.6",
        "lodash.transform": "^4.6.0"
      }
    },
    "node_modules/lodash.isplainobject": {
      "version": "4.0.6",
      "resolved": "https://registry.npmjs.org/lodash.isplainobject/-/lodash.isplainobject-4.0.6.tgz",
      "integrity": "sha1-fFJqUtibRcRcxpC4gWO+BJf1UMs="
    },
    "node_modules/lodash.transform": {
      "version": "4.6.0",
      "resolved": "https://registry.npmjs.org/lodash.transform/-/lodash.transform-4.6.0.tgz",
      "integrity": "sha1-EjBkIvYzJK7YSD0/ODMrX2cFR6A="
    }
  },
  "dependencies": {
    "lodash.isplainobject": {
      "version": "4.0.6",
      "resolved": "https://registry.npmjs.org/lodash.isplainobject/-/lodash.isplainobject-4.0.6.tgz",
      "integrity": "sha1-fFJqUtibRcRcxpC4gWO+BJf1UMs="
    },
    "lodash.transform": {
      "version": "4.6.0",
      "resolved": "https://registry.npmjs.org/lodash.transform/-/lodash.transform-4.6.0.tgz",
      "integrity": "sha1-EjBkIvYzJK7YSD0/ODMrX2cFR6A="
    }
  }
}
